{
  "lockfileVersion": 1,
  "configVersion": 1,
  "workspaces": {
    "": {
      "name": "@osovv/vv-opencode",
      "dependencies": {
        "@clack/prompts": "^1.2.0",
        "@opencode-ai/plugin": "1.3.17",
        "@opencode-ai/sdk": "1.3.17",
        "ajv": "^8.17.1",
        "citty": "0.2.2",
        "jsonc-parser": "3.3.1",
      },
      "devDependencies": {
        "@commitlint/cli": "^19.0.0",
        "@commitlint/config-conventional": "^19.0.0",
        "@types/node": "22.13.9",
        "bun-types": "1.3.11",
        "conventional-changelog-cli": "^5.0.0",
        "lefthook": "2.1.5",
        "oxfmt": "0.43.0",
        "oxlint": "1.58.0",
        "typescript": "5.8.2",
      },
    },
  },
  "packages": {
    "@babel/code-frame": ["@babel/code-frame@7.29.7", "", { "dependencies": { "@babel/helper-validator-identifier": "^7.29.7", "js-tokens": "^4.0.0", "picocolors": "^1.1.1" } }, "sha512-Aup7aUOfpbAUg2ROOJN6Iw5f9DMBlzu0mIkm/malLQFN/YQgO48wCj0Kxa3sEHJvPVFg7siR+qRInwXd2qhQKw=="],

    "@babel/helper-validator-identifier": ["@babel/helper-validator-identifier@7.29.7", "", {}, "sha512-qehxGkRj55h/ff8EMaJ+cYhyaKlHIxqYDn682wQD7RNp9UujOQsHog2uS0r2vzr4pW+sXf90NeeayjcNaX3fFg=="],

    "@clack/core": ["@clack/core@1.2.0", "", { "dependencies": { "fast-wrap-ansi": "^0.1.3", "sisteransi": "^1.0.5" } }, "sha512-qfxof/3T3t9DPU/Rj3OmcFyZInceqj/NVtO9rwIuJqCUgh32gwPjpFQQp/ben07qKlhpwq7GzfWpST4qdJ5Drg=="],

    "@clack/prompts": ["@clack/prompts@1.2.0", "", { "dependencies": { "@clack/core": "1.2.0", "fast-string-width": "^1.1.0", "fast-wrap-ansi": "^0.1.3", "sisteransi": "^1.0.5" } }, "sha512-4jmztR9fMqPMjz6H/UZXj0zEmE43ha1euENwkckKKel4XpSfokExPo5AiVStdHSAlHekz4d0CA/r45Ok1E4D3w=="],

    "@commitlint/cli": ["@commitlint/cli@19.8.1", "", { "dependencies": { "@commitlint/format": "^19.8.1", "@commitlint/lint": "^19.8.1", "@commitlint/load": "^19.8.1", "@commitlint/read": "^19.8.1", "@commitlint/types": "^19.8.1", "tinyexec": "^1.0.0", "yargs": "^17.0.0" }, "bin": { "commitlint": "./cli.js" } }, "sha512-LXUdNIkspyxrlV6VDHWBmCZRtkEVRpBKxi2Gtw3J54cGWhLCTouVD/Q6ZSaSvd2YaDObWK8mDjrz3TIKtaQMAA=="],

    "@commitlint/config-conventional": ["@commitlint/config-conventional@19.8.1", "", { "dependencies": { "@commitlint/types": "^19.8.1", "conventional-changelog-conventionalcommits": "^7.0.2" } }, "sha512-/AZHJL6F6B/G959CsMAzrPKKZjeEiAVifRyEwXxcT6qtqbPwGw+iQxmNS+Bu+i09OCtdNRW6pNpBvgPrtMr9EQ=="],

    "@commitlint/config-validator": ["@commitlint/config-validator@19.8.1", "", { "dependencies": { "@commitlint/types": "^19.8.1", "ajv": "^8.11.0" } }, "sha512-0jvJ4u+eqGPBIzzSdqKNX1rvdbSU1lPNYlfQQRIFnBgLy26BtC0cFnr7c/AyuzExMxWsMOte6MkTi9I3SQ3iGQ=="],

    "@commitlint/ensure": ["@commitlint/ensure@19.8.1", "", { "dependencies": { "@commitlint/types": "^19.8.1", "lodash.camelcase": "^4.3.0", "lodash.kebabcase": "^4.1.1", "lodash.snakecase": "^4.1.1", "lodash.startcase": "^4.4.0", "lodash.upperfirst": "^4.3.1" } }, "sha512-mXDnlJdvDzSObafjYrOSvZBwkD01cqB4gbnnFuVyNpGUM5ijwU/r/6uqUmBXAAOKRfyEjpkGVZxaDsCVnHAgyw=="],

    "@commitlint/execute-rule": ["@commitlint/execute-rule@19.8.1", "", {}, "sha512-YfJyIqIKWI64Mgvn/sE7FXvVMQER/Cd+s3hZke6cI1xgNT/f6ZAz5heND0QtffH+KbcqAwXDEE1/5niYayYaQA=="],

    "@commitlint/format": ["@commitlint/format@19.8.1", "", { "dependencies": { "@commitlint/types": "^19.8.1", "chalk": "^5.3.0" } }, "sha512-kSJj34Rp10ItP+Eh9oCItiuN/HwGQMXBnIRk69jdOwEW9llW9FlyqcWYbHPSGofmjsqeoxa38UaEA5tsbm2JWw=="],

    "@commitlint/is-ignored": ["@commitlint/is-ignored@19.8.1", "", { "dependencies": { "@commitlint/types": "^19.8.1", "semver": "^7.6.0" } }, "sha512-AceOhEhekBUQ5dzrVhDDsbMaY5LqtN8s1mqSnT2Kz1ERvVZkNihrs3Sfk1Je/rxRNbXYFzKZSHaPsEJJDJV8dg=="],

    "@commitlint/lint": ["@commitlint/lint@19.8.1", "", { "dependencies": { "@commitlint/is-ignored": "^19.8.1", "@commitlint/parse": "^19.8.1", "@commitlint/rules": "^19.8.1", "@commitlint/types": "^19.8.1" } }, "sha512-52PFbsl+1EvMuokZXLRlOsdcLHf10isTPlWwoY1FQIidTsTvjKXVXYb7AvtpWkDzRO2ZsqIgPK7bI98x8LRUEw=="],

    "@commitlint/load": ["@commitlint/load@19.8.1", "", { "dependencies": { "@commitlint/config-validator": "^19.8.1", "@commitlint/execute-rule": "^19.8.1", "@commitlint/resolve-extends": "^19.8.1", "@commitlint/types": "^19.8.1", "chalk": "^5.3.0", "cosmiconfig": "^9.0.0", "cosmiconfig-typescript-loader": "^6.1.0", "lodash.isplainobject": "^4.0.6", "lodash.merge": "^4.6.2", "lodash.uniq": "^4.5.0" } }, "sha512-9V99EKG3u7z+FEoe4ikgq7YGRCSukAcvmKQuTtUyiYPnOd9a2/H9Ak1J9nJA1HChRQp9OA/sIKPugGS+FK/k1A=="],

    "@commitlint/message": ["@commitlint/message@19.8.1", "", {}, "sha512-+PMLQvjRXiU+Ae0Wc+p99EoGEutzSXFVwQfa3jRNUZLNW5odZAyseb92OSBTKCu+9gGZiJASt76Cj3dLTtcTdg=="],

    "@commitlint/parse": ["@commitlint/parse@19.8.1", "", { "dependencies": { "@commitlint/types": "^19.8.1", "conventional-changelog-angular": "^7.0.0", "conventional-commits-parser": "^5.0.0" } }, "sha512-mmAHYcMBmAgJDKWdkjIGq50X4yB0pSGpxyOODwYmoexxxiUCy5JJT99t1+PEMK7KtsCtzuWYIAXYAiKR+k+/Jw=="],

    "@commitlint/read": ["@commitlint/read@19.8.1", "", { "dependencies": { "@commitlint/top-level": "^19.8.1", "@commitlint/types": "^19.8.1", "git-raw-commits": "^4.0.0", "minimist": "^1.2.8", "tinyexec": "^1.0.0" } }, "sha512-03Jbjb1MqluaVXKHKRuGhcKWtSgh3Jizqy2lJCRbRrnWpcM06MYm8th59Xcns8EqBYvo0Xqb+2DoZFlga97uXQ=="],

    "@commitlint/resolve-extends": ["@commitlint/resolve-extends@19.8.1", "", { "dependencies": { "@commitlint/config-validator": "^19.8.1", "@commitlint/types": "^19.8.1", "global-directory": "^4.0.1", "import-meta-resolve": "^4.0.0", "lodash.mergewith": "^4.6.2", "resolve-from": "^5.0.0" } }, "sha512-GM0mAhFk49I+T/5UCYns5ayGStkTt4XFFrjjf0L4S26xoMTSkdCf9ZRO8en1kuopC4isDFuEm7ZOm/WRVeElVg=="],

    "@commitlint/rules": ["@commitlint/rules@19.8.1", "", { "dependencies": { "@commitlint/ensure": "^19.8.1", "@commitlint/message": "^19.8.1", "@commitlint/to-lines": "^19.8.1", "@commitlint/types": "^19.8.1" } }, "sha512-Hnlhd9DyvGiGwjfjfToMi1dsnw1EXKGJNLTcsuGORHz6SS9swRgkBsou33MQ2n51/boIDrbsg4tIBbRpEWK2kw=="],

    "@commitlint/to-lines": ["@commitlint/to-lines@19.8.1", "", {}, "sha512-98Mm5inzbWTKuZQr2aW4SReY6WUukdWXuZhrqf1QdKPZBCCsXuG87c+iP0bwtD6DBnmVVQjgp4whoHRVixyPBg=="],

    "@commitlint/top-level": ["@commitlint/top-level@19.8.1", "", { "dependencies": { "find-up": "^7.0.0" } }, "sha512-Ph8IN1IOHPSDhURCSXBz44+CIu+60duFwRsg6HqaISFHQHbmBtxVw4ZrFNIYUzEP7WwrNPxa2/5qJ//NK1FGcw=="],

    "@commitlint/types": ["@commitlint/types@19.8.1", "", { "dependencies": { "@types/conventional-commits-parser": "^5.0.0", "chalk": "^5.3.0" } }, "sha512-/yCrWGCoA1SVKOks25EGadP9Pnj0oAIHGpl2wH2M2Y46dPM2ueb8wyCVOD7O3WCTkaJ0IkKvzhl1JY7+uCT2Dw=="],

    "@conventional-changelog/git-client": ["@conventional-changelog/git-client@2.7.0", "", { "dependencies": { "@simple-libs/child-process-utils": "^1.0.0", "@simple-libs/stream-utils": "^1.2.0", "semver": "^7.5.2" }, "peerDependencies": { "conventional-commits-filter": "^5.0.0", "conventional-commits-parser": "^6.4.0" }, "optionalPeers": ["conventional-commits-filter", "conventional-commits-parser"] }, "sha512-j7A8/LBEQ+3rugMzPXoKYzyUPpw/0CBQCyvtTR7Lmu4olG4yRC/Tfkq79Mr3yuPs0SUitlO2HwGP3gitMJnRFw=="],

    "@hutson/parse-repository-url": ["@hutson/parse-repository-url@5.0.0", "", {}, "sha512-e5+YUKENATs1JgYHMzTr2MW/NDcXGfYFAuOQU8gJgF/kEh4EqKgfGrfLI67bMD4tbhZVlkigz/9YYwWcbOFthg=="],

    "@opencode-ai/plugin": ["@opencode-ai/plugin@1.3.17", "", { "dependencies": { "@opencode-ai/sdk": "1.3.17", "zod": "4.1.8" }, "peerDependencies": { "@opentui/core": ">=0.1.96", "@opentui/solid": ">=0.1.96" }, "optionalPeers": ["@opentui/core", "@opentui/solid"] }, "sha512-N5lckFtYvEu2R8K1um//MIOTHsJHniF2kHoPIWPCrxKG5Jpismt1ISGzIiU3aKI2ht/9VgcqKPC5oZFLdmpxPw=="],

    "@opencode-ai/sdk": ["@opencode-ai/sdk@1.3.17", "", { "dependencies": { "cross-spawn": "7.0.6" } }, "sha512-2+MGgu7wynqTBwxezR01VAGhILXlpcHDY/pF7SWB87WOgLt3kD55HjKHNj6PWxyY8n575AZolR95VUC3gtwfmA=="],

    "@oxfmt/binding-android-arm-eabi": ["@oxfmt/binding-android-arm-eabi@0.43.0", "", { "os": "android", "cpu": "arm" }, "sha512-CgU2s+/9hHZgo0IxVxrbMPrMj+tJ6VM3mD7Mr/4oiz4FNTISLoCvRmB5nk4wAAle045RtRjd86m673jwPyb1OQ=="],

    "@oxfmt/binding-android-arm64": ["@oxfmt/binding-android-arm64@0.43.0", "", { "os": "android", "cpu": "arm64" }, "sha512-T9OfRwjA/EdYxAqbvR7TtqLv5nIrwPXuCtTwOHtS7aR9uXyn74ZYgzgTo6/ZwvTq9DY4W+DsV09hB2EXgn9EbA=="],

    "@oxfmt/binding-darwin-arm64": ["@oxfmt/binding-darwin-arm64@0.43.0", "", { "os": "darwin", "cpu": "arm64" }, "sha512-o3i49ZUSJWANzXMAAVY1wnqb65hn4JVzwlRQ5qfcwhRzIA8lGVaud31Q3by5ALHPrksp5QEaKCQF9aAS3TXpZA=="],

    "@oxfmt/binding-darwin-x64": ["@oxfmt/binding-darwin-x64@0.43.0", "", { "os": "darwin", "cpu": "x64" }, "sha512-vWECzzCFkb0kK6jaHjbtC5sC3adiNWtqawFCxhpvsWlzVeKmv5bNvkB4nux+o4JKWTpHCM57NDK/MeXt44txmA=="],

    "@oxfmt/binding-freebsd-x64": ["@oxfmt/binding-freebsd-x64@0.43.0", "", { "os": "freebsd", "cpu": "x64" }, "sha512-rgz8JpkKiI/umOf7fl9gwKyQasC8bs5SYHy6g7e4SunfLBY3+8ATcD5caIg8KLGEtKFm5ujKaH8EfjcmnhzTLg=="],

    "@oxfmt/binding-linux-arm-gnueabihf": ["@oxfmt/binding-linux-arm-gnueabihf@0.43.0", "", { "os": "linux", "cpu": "arm" }, "sha512-nWYnF3vIFzT4OM1qL/HSf1Yuj96aBuKWSaObXHSWliwAk2rcj7AWd6Lf7jowEBQMo4wCZVnueIGw/7C4u0KTBQ=="],

    "@oxfmt/binding-linux-arm-musleabihf": ["@oxfmt/binding-linux-arm-musleabihf@0.43.0", "", { "os": "linux", "cpu": "arm" }, "sha512-sFg+NWJbLfupYTF4WELHAPSnLPOn1jiDZ33Z1jfDnTaA+cC3iB35x0FMMZTFdFOz3icRIArncwCcemJFGXu6TQ=="],

    "@oxfmt/binding-linux-arm64-gnu": ["@oxfmt/binding-linux-arm64-gnu@0.43.0", "", { "os": "linux", "cpu": "arm64" }, "sha512-MelWqv68tX6wZEILDrTc9yewiGXe7im62+5x0bNXlCYFOZdA+VnYiJfAihbROsZ5fm90p9C3haFrqjj43XnlAA=="],

    "@oxfmt/binding-linux-arm64-musl": ["@oxfmt/binding-linux-arm64-musl@0.43.0", "", { "os": "linux", "cpu": "arm64" }, "sha512-ROaWfYh+6BSJ1Arwy5ujijTlwnZetxDxzBpDc1oBR4d7rfrPBqzeyjd5WOudowzQUgyavl2wEpzn1hw3jWcqLA=="],

    "@oxfmt/binding-linux-ppc64-gnu": ["@oxfmt/binding-linux-ppc64-gnu@0.43.0", "", { "os": "linux", "cpu": "ppc64" }, "sha512-PJRs/uNxmFipJJ8+SyKHh7Y7VZIKQicqrrBzvfyM5CtKi8D7yZKTwUOZV3ffxmiC2e7l1SDJpkBEOyue5NAFsg=="],

    "@oxfmt/binding-linux-riscv64-gnu": ["@oxfmt/binding-linux-riscv64-gnu@0.43.0", "", { "os": "linux", "cpu": "none" }, "sha512-j6biGAgzIhj+EtHXlbNumvwG7XqOIdiU4KgIWRXAEj/iUbHKukKW8eXa4MIwpQwW1YkxovduKtzEAPnjlnAhVQ=="],

    "@oxfmt/binding-linux-riscv64-musl": ["@oxfmt/binding-linux-riscv64-musl@0.43.0", "", { "os": "linux", "cpu": "none" }, "sha512-RYWxAcslKxvy7yri24Xm9cmD0RiANaiEPs007EFG6l9h1ChM69Q5SOzACaCoz4Z9dEplnhhneeBaTWMEdpgIbA=="],

    "@oxfmt/binding-linux-s390x-gnu": ["@oxfmt/binding-linux-s390x-gnu@0.43.0", "", { "os": "linux", "cpu": "s390x" }, "sha512-DT6Q8zfQQy3jxpezAsBACEHNUUixKSYTwdXeXojNHe4DQOoxjPdjr3Szu6BRNjxLykZM/xMNmp9ElOIyDppwtw=="],

    "@oxfmt/binding-linux-x64-gnu": ["@oxfmt/binding-linux-x64-gnu@0.43.0", "", { "os": "linux", "cpu": "x64" }, "sha512-R8Yk7iYcuZORXmCfFZClqbDxRZgZ9/HEidUuBNdoX8Ptx07cMePnMVJ/woB84lFIDjh2ROHVaOP40Ds3rBXFqg=="],

    "@oxfmt/binding-linux-x64-musl": ["@oxfmt/binding-linux-x64-musl@0.43.0", "", { "os": "linux", "cpu": "x64" }, "sha512-F2YYqyvnQNvi320RWZNAvsaWEHwmW3k4OwNJ1hZxRKXupY63expbBaNp6jAgvYs7y/g546vuQnGHQuCBhslhLQ=="],

    "@oxfmt/binding-openharmony-arm64": ["@oxfmt/binding-openharmony-arm64@0.43.0", "", { "os": "none", "cpu": "arm64" }, "sha512-OE6TdietLXV3F6c7pNIhx/9YC1/2YFwjU9DPc/fbjxIX19hNIaP1rS0cFjCGJlGX+cVJwIKWe8Mos+LdQ1yAJw=="],

    "@oxfmt/binding-win32-arm64-msvc": ["@oxfmt/binding-win32-arm64-msvc@0.43.0", "", { "os": "win32", "cpu": "arm64" }, "sha512-0nWK6a7pGkbdoypfVicmV9k/N1FwjPZENoqhlTU+5HhZnAhpIO3za30nEE33u6l6tuy9OVfpdXUqxUgZ+4lbZw=="],

    "@oxfmt/binding-win32-ia32-msvc": ["@oxfmt/binding-win32-ia32-msvc@0.43.0", "", { "os": "win32", "cpu": "ia32" }, "sha512-9aokTR4Ft+tRdvgN/pKzSkVy2ksc4/dCpDm9L/xFrbIw0yhLtASLbvoG/5WOTUh/BRPPnfGTsWznEqv0dlOmhA=="],

    "@oxfmt/binding-win32-x64-msvc": ["@oxfmt/binding-win32-x64-msvc@0.43.0", "", { "os": "win32", "cpu": "x64" }, "sha512-4bPgdQux2ZLWn3bf2TTXXMHcJB4lenmuxrLqygPmvCJ104Yqzj1UctxSRzR31TiJ4MLaG22RK8dUsVpJtrCz5g=="],

    "@oxlint/binding-android-arm-eabi": ["@oxlint/binding-android-arm-eabi@1.58.0", "", { "os": "android", "cpu": "arm" }, "sha512-1T7UN3SsWWxpWyWGn1cT3ASNJOo+pI3eUkmEl7HgtowapcV8kslYpFQcYn431VuxghXakPNlbjRwhqmR37PFOg=="],

    "@oxlint/binding-android-arm64": ["@oxlint/binding-android-arm64@1.58.0", "", { "os": "android", "cpu": "arm64" }, "sha512-GryzujxuiRv2YFF7bRy8mKcxlbuAN+euVUtGJt9KKbLT8JBUIosamVhcthLh+VEr6KE6cjeVMAQxKAzJcoN7dg=="],

    "@oxlint/binding-darwin-arm64": ["@oxlint/binding-darwin-arm64@1.58.0", "", { "os": "darwin", "cpu": "arm64" }, "sha512-7/bRSJIwl4GxeZL9rPZ11anNTyUO9epZrfEJH/ZMla3+/gbQ6xZixh9nOhsZ0QwsTW7/5J2A/fHbD1udC5DQQA=="],

    "@oxlint/binding-darwin-x64": ["@oxlint/binding-darwin-x64@1.58.0", "", { "os": "darwin", "cpu": "x64" }, "sha512-EqdtJSiHweS2vfILNrpyJ6HUwpEq2g7+4Zx1FPi4hu3Hu7tC3znF6ufbXO8Ub2LD4mGgznjI7kSdku9NDD1Mkg=="],

    "@oxlint/binding-freebsd-x64": ["@oxlint/binding-freebsd-x64@1.58.0", "", { "os": "freebsd", "cpu": "x64" }, "sha512-VQt5TH4M42mY20F545G637RKxV/yjwVtKk2vfXuazfReSIiuvWBnv+FVSvIV5fKVTJNjt3GSJibh6JecbhGdBw=="],

    "@oxlint/binding-linux-arm-gnueabihf": ["@oxlint/binding-linux-arm-gnueabihf@1.58.0", "", { "os": "linux", "cpu": "arm" }, "sha512-fBYcj4ucwpAtjJT3oeBdFBYKvNyjRSK+cyuvBOTQjh0jvKp4yeA4S/D0IsCHus/VPaNG5L48qQkh+Vjy3HL2/Q=="],

    "@oxlint/binding-linux-arm-musleabihf": ["@oxlint/binding-linux-arm-musleabihf@1.58.0", "", { "os": "linux", "cpu": "arm" }, "sha512-0BeuFfwlUHlJ1xpEdSD1YO3vByEFGPg36uLjK1JgFaxFb4W6w17F8ET8sz5cheZ4+x5f2xzdnRrrWv83E3Yd8g=="],

    "@oxlint/binding-linux-arm64-gnu": ["@oxlint/binding-linux-arm64-gnu@1.58.0", "", { "os": "linux", "cpu": "arm64" }, "sha512-TXlZgnPTlxrQzxG9ZXU7BNwx1Ilrr17P3GwZY0If2EzrinqRH3zXPc3HrRcBJgcsoZNMuNL5YivtkJYgp467UQ=="],

    "@oxlint/binding-linux-arm64-musl": ["@oxlint/binding-linux-arm64-musl@1.58.0", "", { "os": "linux", "cpu": "arm64" }, "sha512-zSoYRo5dxHLcUx93Stl2hW3hSNjPt99O70eRVWt5A1zwJ+FPjeCCANCD2a9R4JbHsdcl11TIQOjyigcRVOH2mw=="],

    "@oxlint/binding-linux-ppc64-gnu": ["@oxlint/binding-linux-ppc64-gnu@1.58.0", "", { "os": "linux", "cpu": "ppc64" }, "sha512-NQ0U/lqxH2/VxBYeAIvMNUK1y0a1bJ3ZicqkF2c6wfakbEciP9jvIE4yNzCFpZaqeIeRYaV7AVGqEO1yrfVPjA=="],

    "@oxlint/binding-linux-riscv64-gnu": ["@oxlint/binding-linux-riscv64-gnu@1.58.0", "", { "os": "linux", "cpu": "none" }, "sha512-X9J+kr3gIC9FT8GuZt0ekzpNUtkBVzMVU4KiKDSlocyQuEgi3gBbXYN8UkQiV77FTusLDPsovjo95YedHr+3yg=="],

    "@oxlint/binding-linux-riscv64-musl": ["@oxlint/binding-linux-riscv64-musl@1.58.0", "", { "os": "linux", "cpu": "none" }, "sha512-CDze3pi1OO3Wvb/QsXjmLEY4XPKGM6kIo82ssNOgmcl1IdndF9VSGAE38YLhADWmOac7fjqhBw82LozuUVxD0Q=="],

    "@oxlint/binding-linux-s390x-gnu": ["@oxlint/binding-linux-s390x-gnu@1.58.0", "", { "os": "linux", "cpu": "s390x" }, "sha512-b/89glbxFaEAcA6Uf1FvCNecBJEgcUTsV1quzrqXM/o4R1M4u+2KCVuyGCayN2UpsRWtGGLb+Ver0tBBpxaPog=="],

    "@oxlint/binding-linux-x64-gnu": ["@oxlint/binding-linux-x64-gnu@1.58.0", "", { "os": "linux", "cpu": "x64" }, "sha512-0/yYpkq9VJFCEcuRlrViGj8pJUFFvNS4EkEREaN7CB1EcLXJIaVSSa5eCihwBGXtOZxhnblWgxks9juRdNQI7w=="],

    "@oxlint/binding-linux-x64-musl": ["@oxlint/binding-linux-x64-musl@1.58.0", "", { "os": "linux", "cpu": "x64" }, "sha512-hr6FNvmcAXiH+JxSvaJ4SJ1HofkdqEElXICW9sm3/Rd5eC3t7kzvmLyRAB3NngKO2wzXRCAm4Z/mGWfrsS4X8w=="],

    "@oxlint/binding-openharmony-arm64": ["@oxlint/binding-openharmony-arm64@1.58.0", "", { "os": "none", "cpu": "arm64" }, "sha512-R+O368VXgRql1K6Xar+FEo7NEwfo13EibPMoTv3sesYQedRXd6m30Dh/7lZMxnrQVFfeo4EOfYIP4FpcgWQNHg=="],

    "@oxlint/binding-win32-arm64-msvc": ["@oxlint/binding-win32-arm64-msvc@1.58.0", "", { "os": "win32", "cpu": "arm64" }, "sha512-Q0FZiAY/3c4YRj4z3h9K1PgaByrifrfbBoODSeX7gy97UtB7pySPUQfC2B/GbxWU6k7CzQrRy5gME10PltLAFQ=="],

    "@oxlint/binding-win32-ia32-msvc": ["@oxlint/binding-win32-ia32-msvc@1.58.0", "", { "os": "win32", "cpu": "ia32" }, "sha512-Y8FKBABrSPp9H0QkRLHDHOSUgM/309a3IvOVgPcVxYcX70wxJrk608CuTg7w+C6vEd724X5wJoNkBcGYfH7nNQ=="],

    "@oxlint/binding-win32-x64-msvc": ["@oxlint/binding-win32-x64-msvc@1.58.0", "", { "os": "win32", "cpu": "x64" }, "sha512-bCn5rbiz5My+Bj7M09sDcnqW0QJyINRVxdZ65x1/Y2tGrMwherwK/lpk+HRQCKvXa8pcaQdF5KY5j54VGZLwNg=="],

    "@simple-libs/child-process-utils": ["@simple-libs/child-process-utils@1.0.2", "", { "dependencies": { "@simple-libs/stream-utils": "^1.2.0" } }, "sha512-/4R8QKnd/8agJynkNdJmNw2MBxuFTRcNFnE5Sg/G+jkSsV8/UBgULMzhizWWW42p8L5H7flImV2ATi79Ove2Tw=="],

    "@simple-libs/stream-utils": ["@simple-libs/stream-utils@1.2.0", "", {}, "sha512-KxXvfapcixpz6rVEB6HPjOUZT22yN6v0vI0urQSk1L8MlEWPDFCZkhw2xmkyoTGYeFw7tWTZd7e3lVzRZRN/EA=="],

    "@types/conventional-commits-parser": ["@types/conventional-commits-parser@5.0.2", "", { "dependencies": { "@types/node": "*" } }, "sha512-BgT2szDXnVypgpNxOK8aL5SGjUdaQbC++WZNjF1Qge3Og2+zhHj+RWhmehLhYyvQwqAmvezruVfOf8+3m74W+g=="],

    "@types/node": ["@types/node@22.13.9", "", { "dependencies": { "undici-types": "~6.20.0" } }, "sha512-acBjXdRJ3A6Pb3tqnw9HZmyR3Fiol3aGxRCK1x3d+6CDAMjl7I649wpSd+yNURCjbOUGu9tqtLKnTGxmK6CyGw=="],

    "@types/normalize-package-data": ["@types/normalize-package-data@2.4.4", "", {}, "sha512-37i+OaWTh9qeK4LSHPsyRC7NahnGotNuZvjLSgcPzblpHB3rrCJxAOgI5gCdKm7coonsaX1Of0ILiTcnZjbfxA=="],

    "JSONStream": ["JSONStream@1.3.5", "", { "dependencies": { "jsonparse": "^1.2.0", "through": ">=2.2.7 <3" }, "bin": { "JSONStream": "./bin.js" } }, "sha512-E+iruNOY8VV9s4JEbe1aNEm6MiszPRr/UfcHMz0TQh1BXSxHK+ASV1R6W4HpjBhSeS+54PIsAMCBmwD06LLsqQ=="],

    "add-stream": ["add-stream@1.0.0", "", {}, "sha512-qQLMr+8o0WC4FZGQTcJiKBVC59JylcPSrTtk6usvmIDFUOCKegapy1VHQwRbFMOFyb/inzUVqHs+eMYKDM1YeQ=="],

    "ajv": ["ajv@8.18.0", "", { "dependencies": { "fast-deep-equal": "^3.1.3", "fast-uri": "^3.0.1", "json-schema-traverse": "^1.0.0", "require-from-string": "^2.0.2" } }, "sha512-PlXPeEWMXMZ7sPYOHqmDyCJzcfNrUr3fGNKtezX14ykXOEIvyK81d+qydx89KY5O71FKMPaQ2vBfBFI5NHR63A=="],

    "ansi-regex": ["ansi-regex@5.0.1", "", {}, "sha512-quJQXlTSUGL2LH9SUXo8VwsY4soanhgo6LNSm84E1LBcE8s3O0wpdiRzyR9z/ZZJMlMWv37qOOb9pdJlMUEKFQ=="],

    "ansi-styles": ["ansi-styles@4.3.0", "", { "dependencies": { "color-convert": "^2.0.1" } }, "sha512-zbB9rCJAT1rbjiVDb2hqKFHNYLxgtk8NURxZ3IZwD3F6NtxbXZQCnnSi1Lkx+IDohdPlFp222wVALIheZJQSEg=="],

    "argparse": ["argparse@2.0.1", "", {}, "sha512-8+9WqebbFzpX9OR+Wa6O29asIogeRMzcGtAINdpMHHyAg10f05aSFVBbcEqGf/PXw1EjAZ+q2/bEBg3DvurK3Q=="],

    "array-ify": ["array-ify@1.0.0", "", {}, "sha512-c5AMf34bKdvPhQ7tBGhqkgKNUzMr4WUs+WDtC2ZUGOUncbxKMTvqxYctiseW3+L4bA8ec+GcZ6/A/FW4m8ukng=="],

    "bun-types": ["bun-types@1.3.11", "", { "dependencies": { "@types/node": "*" } }, "sha512-1KGPpoxQWl9f6wcZh57LvrPIInQMn2TQ7jsgxqpRzg+l0QPOFvJVH7HmvHo/AiPgwXy+/Thf6Ov3EdVn1vOabg=="],

    "callsites": ["callsites@3.1.0", "", {}, "sha512-P8BjAsXvZS+VIDUI11hHCQEv74YT67YUi5JJFNWIqL235sBmjX4+qx9Muvls5ivyNENctx46xQLQ3aTuE7ssaQ=="],

    "chalk": ["chalk@5.6.2", "", {}, "sha512-7NzBL0rN6fMUW+f7A6Io4h40qQlG+xGmtMxfbnH/K7TAtt8JQWVQK+6g0UXKMeVJoyV5EkkNsErQ8pVD3bLHbA=="],

    "citty": ["citty@0.2.2", "", {}, "sha512-+6vJA3L98yv+IdfKGZHBNiGW5KHn22e/JwID0Strsz8h4S/csAu/OuICwxrg44k5MRiZHWIo8XXuJgQTriRP4w=="],

    "cliui": ["cliui@8.0.1", "", { "dependencies": { "string-width": "^4.2.0", "strip-ansi": "^6.0.1", "wrap-ansi": "^7.0.0" } }, "sha512-BSeNnyus75C4//NQ9gQt1/csTXyo/8Sb+afLAkzAptFuMsod9HFokGNudZpi/oQV73hnVK+sR+5PVRMd+Dr7YQ=="],

    "color-convert": ["color-convert@2.0.1", "", { "dependencies": { "color-name": "~1.1.4" } }, "sha512-RRECPsj7iu/xb5oKYcsFHSppFNnsj/52OVTRKb4zP5onXwVF3zVmmToNcOfGC+CRDpfK/U584fMg38ZHCaElKQ=="],

    "color-name": ["color-name@1.1.4", "", {}, "sha512-dOy+3AuW3a2wNbZHIuMZpTcgjGuLU/uBL/ubcZF9OXbDo8ff4O8yVp5Bf0efS8uEoYo5q4Fx7dY9OgQGXgAsQA=="],

    "compare-func": ["compare-func@2.0.0", "", { "dependencies": { "array-ify": "^1.0.0", "dot-prop": "^5.1.0" } }, "sha512-zHig5N+tPWARooBnb0Zx1MFcdfpyJrfTJ3Y5L+IFvUm8rM74hHz66z0gw0x4tijh5CorKkKUCnW82R2vmpeCRA=="],

    "conventional-changelog": ["conventional-changelog@6.0.0", "", { "dependencies": { "conventional-changelog-angular": "^8.0.0", "conventional-changelog-atom": "^5.0.0", "conventional-changelog-codemirror": "^5.0.0", "conventional-changelog-conventionalcommits": "^8.0.0", "conventional-changelog-core": "^8.0.0", "conventional-changelog-ember": "^5.0.0", "conventional-changelog-eslint": "^6.0.0", "conventional-changelog-express": "^5.0.0", "conventional-changelog-jquery": "^6.0.0", "conventional-changelog-jshint": "^5.0.0", "conventional-changelog-preset-loader": "^5.0.0" } }, "sha512-tuUH8H/19VjtD9Ig7l6TQRh+Z0Yt0NZ6w/cCkkyzUbGQTnUEmKfGtkC9gGfVgCfOL1Rzno5NgNF4KY8vR+Jo3w=="],

    "conventional-changelog-angular": ["conventional-changelog-angular@8.3.1", "", { "dependencies": { "compare-func": "^2.0.0" } }, "sha512-6gfI3otXK5Ph5DfCOI1dblr+kN3FAm5a97hYoQkqNZxOaYa5WKfXH+AnpsmS+iUH2mgVC2Cg2Qw9m5OKcmNrIg=="],

    "conventional-changelog-atom": ["conventional-changelog-atom@5.1.0", "", {}, "sha512-fw7GpI9jHNCWGBnTsPRI452ypQbNupGwsjrXfozvRNE0c92pJRpoj9rXfzDKUYJcsmk0H4XKaQjhjelwI9z27w=="],

    "conventional-changelog-cli": ["conventional-changelog-cli@5.0.0", "", { "dependencies": { "add-stream": "^1.0.0", "conventional-changelog": "^6.0.0", "meow": "^13.0.0", "tempfile": "^5.0.0" }, "bin": { "conventional-changelog": "cli.js" } }, "sha512-9Y8fucJe18/6ef6ZlyIlT2YQUbczvoQZZuYmDLaGvcSBP+M6h+LAvf7ON7waRxKJemcCII8Yqu5/8HEfskTxJQ=="],

    "conventional-changelog-codemirror": ["conventional-changelog-codemirror@5.1.0", "", {}, "sha512-iXhy63YczB+yWA9DrsYbquSYLvWKsK9M3WC+xQPEm8cOn4oXzKpmTp2uH3qi7+i10oTcGJTvq9lsBpZmMADaNg=="],

    "conventional-changelog-conventionalcommits": ["conventional-changelog-conventionalcommits@7.0.2", "", { "dependencies": { "compare-func": "^2.0.0" } }, "sha512-NKXYmMR/Hr1DevQegFB4MwfM5Vv0m4UIxKZTTYuD98lpTknaZlSRrDOG4X7wIXpGkfsYxZTghUN+Qq+T0YQI7w=="],

    "conventional-changelog-core": ["conventional-changelog-core@8.0.0", "", { "dependencies": { "@hutson/parse-repository-url": "^5.0.0", "add-stream": "^1.0.0", "conventional-changelog-writer": "^8.0.0", "conventional-commits-parser": "^6.0.0", "git-raw-commits": "^5.0.0", "git-semver-tags": "^8.0.0", "hosted-git-info": "^7.0.0", "normalize-package-data": "^6.0.0", "read-package-up": "^11.0.0", "read-pkg": "^9.0.0" } }, "sha512-EATUx5y9xewpEe10UEGNpbSHRC6cVZgO+hXQjofMqpy+gFIrcGvH3Fl6yk2VFKh7m+ffenup2N7SZJYpyD9evw=="],

    "conventional-changelog-ember": ["conventional-changelog-ember@5.1.0", "", {}, "sha512-XNcgGcdJt7wh341BBML0CI8DKpqE5lKD1WahzFHGZFvKTzJr1rZW976cw7beqKLOBbzdrH9ZIkE/s2TfbOuM3g=="],

    "conventional-changelog-eslint": ["conventional-changelog-eslint@6.1.0", "", {}, "sha512-beWr3qzuEMN9gznMWa8PhTVfGkGXoq+XnUzViNXg5KygrgV728ZRqZngz3uPhz5+ayUhPrpNFYqIE0qHWz9NAw=="],

    "conventional-changelog-express": ["conventional-changelog-express@5.1.0", "", {}, "sha512-g/s9eLohrefYTSNQaB6+k0ONbiVx41YOKBbIOIM3ST/NtedAgppCJnrpKXVN9sOmpPkN4vjFwURlfvpEDUjoeg=="],

    "conventional-changelog-jquery": ["conventional-changelog-jquery@6.1.0", "", {}, "sha512-/sFhULybhFrMg+qc8MHHHSj7kTVMfx5C7rSM6Z9EjduVoAQJdGRq/wpv/SWPMQ+KPNSYHqDLwm/x2Z5hOcYvqQ=="],

    "conventional-changelog-jshint": ["conventional-changelog-jshint@5.2.0", "", { "dependencies": { "compare-func": "^2.0.0" } }, "sha512-OaatyvHXP1fjI7Mx0b1IkmhbhTsVHsytnsQSkOj4rhGbFMoTcfvbwm/vAtCzRMXOxojK1EDMBBmBj1pM9KNy/Q=="],

    "conventional-changelog-preset-loader": ["conventional-changelog-preset-loader@5.0.0", "", {}, "sha512-SetDSntXLk8Jh1NOAl1Gu5uLiCNSYenB5tm0YVeZKePRIgDW9lQImromTwLa3c/Gae298tsgOM+/CYT9XAl0NA=="],

    "conventional-changelog-writer": ["conventional-changelog-writer@8.4.0", "", { "dependencies": { "@simple-libs/stream-utils": "^1.2.0", "conventional-commits-filter": "^5.0.0", "handlebars": "^4.7.7", "meow": "^13.0.0", "semver": "^7.5.2" }, "bin": { "conventional-changelog-writer": "dist/cli/index.js" } }, "sha512-HHBFkk1EECxxmCi4CTu091iuDpQv5/OavuCUAuZmrkWpmYfyD816nom1CvtfXJ/uYfAAjavgHvXHX291tSLK8g=="],

    "conventional-commits-filter": ["conventional-commits-filter@5.0.0", "", {}, "sha512-tQMagCOC59EVgNZcC5zl7XqO30Wki9i9J3acbUvkaosCT6JX3EeFwJD7Qqp4MCikRnzS18WXV3BLIQ66ytu6+Q=="],

    "conventional-commits-parser": ["conventional-commits-parser@5.0.0", "", { "dependencies": { "JSONStream": "^1.3.5", "is-text-path": "^2.0.0", "meow": "^12.0.1", "split2": "^4.0.0" }, "bin": { "conventional-commits-parser": "cli.mjs" } }, "sha512-ZPMl0ZJbw74iS9LuX9YIAiW8pfM5p3yh2o/NbXHbkFuZzY5jvdi5jFycEOkmBW5H5I7nA+D6f3UcsCLP2vvSEA=="],

    "cosmiconfig": ["cosmiconfig@9.0.2", "", { "dependencies": { "env-paths": "^2.2.1", "import-fresh": "^3.3.0", "js-yaml": "^4.1.0", "parse-json": "^5.2.0" }, "peerDependencies": { "typescript": ">=4.9.5" }, "optionalPeers": ["typescript"] }, "sha512-gtTZxTDau1wL7Y7zifc2dd8jHSK/k6BTx/2Xp/BpdlAdnlYWFVt7qhJqgwi7637yRwRQ3qL4ZidbB4I8tA5VOg=="],

    "cosmiconfig-typescript-loader": ["cosmiconfig-typescript-loader@6.3.0", "", { "dependencies": { "jiti": "2.6.1" }, "peerDependencies": { "@types/node": "*", "cosmiconfig": ">=9", "typescript": ">=5" } }, "sha512-Akr82WH1Wfqatyiqpj8HDkO2o2KmJRu1FhKfSNJP3K4IdXwHfEyL7MOb62i1AGQVLtIQM+iCE9CGOtrfhR+mmA=="],

    "cross-spawn": ["cross-spawn@7.0.6", "", { "dependencies": { "path-key": "^3.1.0", "shebang-command": "^2.0.0", "which": "^2.0.1" } }, "sha512-uV2QOWP2nWzsy2aMp8aRibhi9dlzF5Hgh5SHaB9OiTGEyDTiJJyx0uy51QXdyWbtAHNua4XJzUKca3OzKUd3vA=="],

    "dargs": ["dargs@8.1.0", "", {}, "sha512-wAV9QHOsNbwnWdNW2FYvE1P56wtgSbM+3SZcdGiWQILwVjACCXDCI3Ai8QlCjMDB8YK5zySiXZYBiwGmNY3lnw=="],

    "dot-prop": ["dot-prop@5.3.0", "", { "dependencies": { "is-obj": "^2.0.0" } }, "sha512-QM8q3zDe58hqUqjraQOmzZ1LIH9SWQJTlEKCH4kJ2oQvLZk7RbQXvtDM2XEq3fwkV9CCvvH4LA0AV+ogFsBM2Q=="],

    "emoji-regex": ["emoji-regex@8.0.0", "", {}, "sha512-MSjYzcWNOA0ewAHpz0MxpYFvwg6yjy1NG3xteoqz644VCo/RPgnr1/GGt+ic3iJTzQ8Eu3TdM14SawnVUmGE6A=="],

    "env-paths": ["env-paths@2.2.1", "", {}, "sha512-+h1lkLKhZMTYjog1VEpJNG7NZJWcuc2DDk/qsqSTRRCOXiLjeQ1d1/udrUGhqMxUgAlwKNZ0cf2uqan5GLuS2A=="],

    "error-ex": ["error-ex@1.3.4", "", { "dependencies": { "is-arrayish": "^0.2.1" } }, "sha512-sqQamAnR14VgCr1A618A3sGrygcpK+HEbenA/HiEAkkUwcZIIB/tgWqHFxWgOyDh4nB4JCRimh79dR5Ywc9MDQ=="],

    "escalade": ["escalade@3.2.0", "", {}, "sha512-WUj2qlxaQtO4g6Pq5c29GTcWGDyd8itL8zTlipgECz3JesAiiOKotd8JU6otB3PACgG6xkJUyVhboMS+bje/jA=="],

    "fast-deep-equal": ["fast-deep-equal@3.1.3", "", {}, "sha512-f3qQ9oQy9j2AhBe/H9VC91wLmKBCCU/gDOnKNAYG5hswO7BLKj09Hc5HYNz9cGI++xlpDCIgDaitVs03ATR84Q=="],

    "fast-string-truncated-width": ["fast-string-truncated-width@1.2.1", "", {}, "sha512-Q9acT/+Uu3GwGj+5w/zsGuQjh9O1TyywhIwAxHudtWrgF09nHOPrvTLhQevPbttcxjr/SNN7mJmfOw/B1bXgow=="],

    "fast-string-width": ["fast-string-width@1.1.0", "", { "dependencies": { "fast-string-truncated-width": "^1.2.0" } }, "sha512-O3fwIVIH5gKB38QNbdg+3760ZmGz0SZMgvwJbA1b2TGXceKE6A2cOlfogh1iw8lr049zPyd7YADHy+B7U4W9bQ=="],

    "fast-uri": ["fast-uri@3.1.0", "", {}, "sha512-iPeeDKJSWf4IEOasVVrknXpaBV0IApz/gp7S2bb7Z4Lljbl2MGJRqInZiUrQwV16cpzw/D3S5j5Julj/gT52AA=="],

    "fast-wrap-ansi": ["fast-wrap-ansi@0.1.6", "", { "dependencies": { "fast-string-width": "^1.1.0" } }, "sha512-HlUwET7a5gqjURj70D5jl7aC3Zmy4weA1SHUfM0JFI0Ptq987NH2TwbBFLoERhfwk+E+eaq4EK3jXoT+R3yp3w=="],

    "find-up": ["find-up@7.0.0", "", { "dependencies": { "locate-path": "^7.2.0", "path-exists": "^5.0.0", "unicorn-magic": "^0.1.0" } }, "sha512-YyZM99iHrqLKjmt4LJDj58KI+fYyufRLBSYcqycxf//KpBk9FoewoGX0450m9nB44qrZnovzC2oeP5hUibxc/g=="],

    "find-up-simple": ["find-up-simple@1.0.1", "", {}, "sha512-afd4O7zpqHeRyg4PfDQsXmlDe2PfdHtJt6Akt8jOWaApLOZk5JXs6VMR29lz03pRe9mpykrRCYIYxaJYcfpncQ=="],

    "get-caller-file": ["get-caller-file@2.0.5", "", {}, "sha512-DyFP3BM/3YHTQOCUL/w0OZHR0lpKeGrxotcHWcqNEdnltqFwXVfhEBQ94eIo34AfQpo0rGki4cyIiftY06h2Fg=="],

    "git-raw-commits": ["git-raw-commits@4.0.0", "", { "dependencies": { "dargs": "^8.0.0", "meow": "^12.0.1", "split2": "^4.0.0" }, "bin": { "git-raw-commits": "cli.mjs" } }, "sha512-ICsMM1Wk8xSGMowkOmPrzo2Fgmfo4bMHLNX6ytHjajRJUqvHOw/TFapQ+QG75c3X/tTDDhOSRPGC52dDbNM8FQ=="],

    "git-semver-tags": ["git-semver-tags@8.0.1", "", { "dependencies": { "@conventional-changelog/git-client": "^2.6.0", "meow": "^13.0.0" }, "bin": { "git-semver-tags": "src/cli.js" } }, "sha512-zMbamckSNdlT4U48IMFa2Cn6FTzM+2yF6/gEmStPJI8PiLxd/bT6dw10+mc6u5Qe4fhrc/y9nU290FWjQhAV7g=="],

    "global-directory": ["global-directory@4.0.1", "", { "dependencies": { "ini": "4.1.1" } }, "sha512-wHTUcDUoZ1H5/0iVqEudYW4/kAlN5cZ3j/bXn0Dpbizl9iaUVeWSHqiOjsgk6OW2bkLclbBjzewBz6weQ1zA2Q=="],

    "handlebars": ["handlebars@4.7.9", "", { "dependencies": { "minimist": "^1.2.5", "neo-async": "^2.6.2", "source-map": "^0.6.1", "wordwrap": "^1.0.0" }, "optionalDependencies": { "uglify-js": "^3.1.4" }, "bin": { "handlebars": "bin/handlebars" } }, "sha512-4E71E0rpOaQuJR2A3xDZ+GM1HyWYv1clR58tC8emQNeQe3RH7MAzSbat+V0wG78LQBo6m6bzSG/L4pBuCsgnUQ=="],

    "hosted-git-info": ["hosted-git-info@7.0.2", "", { "dependencies": { "lru-cache": "^10.0.1" } }, "sha512-puUZAUKT5m8Zzvs72XWy3HtvVbTWljRE66cP60bxJzAqf2DgICo7lYTY2IHUmLnNpjYvw5bvmoHvPc0QO2a62w=="],

    "import-fresh": ["import-fresh@3.3.1", "", { "dependencies": { "parent-module": "^1.0.0", "resolve-from": "^4.0.0" } }, "sha512-TR3KfrTZTYLPB6jUjfx6MF9WcWrHL9su5TObK4ZkYgBdWKPOFoSoQIdEuTuR82pmtxH2spWG9h6etwfr1pLBqQ=="],

    "import-meta-resolve": ["import-meta-resolve@4.2.0", "", {}, "sha512-Iqv2fzaTQN28s/FwZAoFq0ZSs/7hMAHJVX+w8PZl3cY19Pxk6jFFalxQoIfW2826i/fDLXv8IiEZRIT0lDuWcg=="],

    "index-to-position": ["index-to-position@1.2.0", "", {}, "sha512-Yg7+ztRkqslMAS2iFaU+Oa4KTSidr63OsFGlOrJoW981kIYO3CGCS3wA95P1mUi/IVSJkn0D479KTJpVpvFNuw=="],

    "ini": ["ini@4.1.1", "", {}, "sha512-QQnnxNyfvmHFIsj7gkPcYymR8Jdw/o7mp5ZFihxn6h8Ci6fh3Dx4E1gPjpQEpIuPo9XVNY/ZUwh4BPMjGyL01g=="],

    "is-arrayish": ["is-arrayish@0.2.1", "", {}, "sha512-zz06S8t0ozoDXMG+ube26zeCTNXcKIPJZJi8hBrF4idCLms4CG9QtK7qBl1boi5ODzFpjswb5JPmHCbMpjaYzg=="],

    "is-fullwidth-code-point": ["is-fullwidth-code-point@3.0.0", "", {}, "sha512-zymm5+u+sCsSWyD9qNaejV3DFvhCKclKdizYaJUuHA83RLjb7nSuGnddCHGv0hk+KY7BMAlsWeK4Ueg6EV6XQg=="],

    "is-obj": ["is-obj@2.0.0", "", {}, "sha512-drqDG3cbczxxEJRoOXcOjtdp1J/lyp1mNn0xaznRs8+muBhgQcrnbspox5X5fOw0HnMnbfDzvnEMEtqDEJEo8w=="],

    "is-text-path": ["is-text-path@2.0.0", "", { "dependencies": { "text-extensions": "^2.0.0" } }, "sha512-+oDTluR6WEjdXEJMnC2z6A4FRwFoYuvShVVEGsS7ewc0UTi2QtAKMDJuL4BDEVt+5T7MjFo12RP8ghOM75oKJw=="],

    "isexe": ["isexe@2.0.0", "", {}, "sha512-RHxMLp9lnKHGHRng9QFhRCMbYAcVpn69smSGcq3f36xjgVVWThj4qqLbTLlq7Ssj8B+fIQ1EuCEGI2lKsyQeIw=="],

    "jiti": ["jiti@2.6.1", "", { "bin": { "jiti": "lib/jiti-cli.mjs" } }, "sha512-ekilCSN1jwRvIbgeg/57YFh8qQDNbwDb9xT/qu2DAHbFFZUicIl4ygVaAvzveMhMVr3LnpSKTNnwt8PoOfmKhQ=="],

    "js-tokens": ["js-tokens@4.0.0", "", {}, "sha512-RdJUflcE3cUzKiMqQgsCu06FPu9UdIJO0beYbPhHN4k6apgJtifcoCtT9bcxOpYBtpD2kCM6Sbzg4CausW/PKQ=="],

    "js-yaml": ["js-yaml@4.2.0", "", { "dependencies": { "argparse": "^2.0.1" }, "bin": { "js-yaml": "bin/js-yaml.js" } }, "sha512-ePWsvanv0DWuDRsW8dnt+R4jQ31SCRCQ7hhNcPXZPsoBZiemuZNYGf7adZdqX2D86j6rvKp3RpCxVTSb8WQlOw=="],

    "json-parse-even-better-errors": ["json-parse-even-better-errors@2.3.1", "", {}, "sha512-xyFwyhro/JEof6Ghe2iz2NcXoj2sloNsWr/XsERDK/oiPCfaNhl5ONfp+jQdAZRQQ0IJWNzH9zIZF7li91kh2w=="],

    "json-schema-traverse": ["json-schema-traverse@1.0.0", "", {}, "sha512-NM8/P9n3XjXhIZn1lLhkFaACTOURQXjWhV4BA/RnOv8xvgqtqpAX9IO4mRQxSx1Rlo4tqzeqb0sOlruaOy3dug=="],

    "jsonc-parser": ["jsonc-parser@3.3.1", "", {}, "sha512-HUgH65KyejrUFPvHFPbqOY0rsFip3Bo5wb4ngvdi1EpCYWUQDC5V+Y7mZws+DLkr4M//zQJoanu1SP+87Dv1oQ=="],

    "jsonparse": ["jsonparse@1.3.1", "", {}, "sha512-POQXvpdL69+CluYsillJ7SUhKvytYjW9vG/GKpnf+xP8UWgYEM/RaMzHHofbALDiKbbP1W8UEYmgGl39WkPZsg=="],

    "lefthook": ["lefthook@2.1.5", "", { "optionalDependencies": { "lefthook-darwin-arm64": "2.1.5", "lefthook-darwin-x64": "2.1.5", "lefthook-freebsd-arm64": "2.1.5", "lefthook-freebsd-x64": "2.1.5", "lefthook-linux-arm64": "2.1.5", "lefthook-linux-x64": "2.1.5", "lefthook-openbsd-arm64": "2.1.5", "lefthook-openbsd-x64": "2.1.5", "lefthook-windows-arm64": "2.1.5", "lefthook-windows-x64": "2.1.5" }, "bin": { "lefthook": "bin/index.js" } }, "sha512-yB9IFWurFllusbPZqvG0EavTmpNXPya2MuO7Li7YT78xAj3uCQ3AgmW9TVUbTTsSMhsegbiAMRpwfEk2TP1P0A=="],

    "lefthook-darwin-arm64": ["lefthook-darwin-arm64@2.1.5", "", { "os": "darwin", "cpu": "arm64" }, "sha512-VITTaw8PxxyE26gkZ8UcwIa5ZrWnKNRGLeeSrqri40cQdXvLTEoMq2tjjw7eiL9UcB0waRReDdzydevy9GOPUQ=="],

    "lefthook-darwin-x64": ["lefthook-darwin-x64@2.1.5", "", { "os": "darwin", "cpu": "x64" }, "sha512-AvtjYiW0BSGHBGrdvL313seUymrW9FxI+6JJwJ+ZSaa2sH81etrTB0wAwlH1L9VfFwK9+gWvatZBvLfF3L4fPw=="],

    "lefthook-freebsd-arm64": ["lefthook-freebsd-arm64@2.1.5", "", { "os": "freebsd", "cpu": "arm64" }, "sha512-mXjJwe8jKGWGiBYUxfQY1ab3Nn5NhafqT9q3KJz8m5joGGQj4JD0cbWxF1nVBLBWsDGbWZRZunTCMGcIScT2bQ=="],

    "lefthook-freebsd-x64": ["lefthook-freebsd-x64@2.1.5", "", { "os": "freebsd", "cpu": "x64" }, "sha512-exD69dCjc1K45BxatDPGoH4NmEvgLKPm4kJLOWn1fTeHRKZwWiFPwnjknEoG2OemlCDHmCU++5X40kMEG0WBlA=="],

    "lefthook-linux-arm64": ["lefthook-linux-arm64@2.1.5", "", { "os": "linux", "cpu": "arm64" }, "sha512-57TDKC5ewWpsCLZQKIJMHumFEObYKVundmPpiWhX491hINRZYYOL/26yrnVnNcidThRzTiTC+HLcuplLcaXtbA=="],

    "lefthook-linux-x64": ["lefthook-linux-x64@2.1.5", "", { "os": "linux", "cpu": "x64" }, "sha512-bqK3LrAB5l5YaCaoHk6qRWlITrGWzP4FbwRxA31elbxjd0wgNWZ2Sn3zEfSEcxz442g7/PPkEwqqsTx0kSFzpg=="],

    "lefthook-openbsd-arm64": ["lefthook-openbsd-arm64@2.1.5", "", { "os": "openbsd", "cpu": "arm64" }, "sha512-5aSwK7vV3A6t0w9PnxCMiVjQlcvopBP50BtmnnLnNJyAYHnFbZ0Baq5M0WkE9IsUkWSux0fe6fd0jDkuG711MA=="],

    "lefthook-openbsd-x64": ["lefthook-openbsd-x64@2.1.5", "", { "os": "openbsd", "cpu": "x64" }, "sha512-Y+pPdDuENJ8qWnUgL02xxhpjblc0WnwXvWGfqnl3WZrAgHzQpwx3G6469RID/wlNVdHYAlw3a8UkFSMYsTzXvA=="],

    "lefthook-windows-arm64": ["lefthook-windows-arm64@2.1.5", "", { "os": "win32", "cpu": "arm64" }, "sha512-2PlcFBjTzJaMufw0c28kfhB/0zmaRCU0TRPPsil/HU2YNOExod4upPGLk9qjgsOmb2YVWFz6zq6u7+D1yqmzTQ=="],

    "lefthook-windows-x64": ["lefthook-windows-x64@2.1.5", "", { "os": "win32", "cpu": "x64" }, "sha512-yiAh8qxml6uqy10jDxOdN9fOQpyLxBFY1fgCEAhn7sVJYmJKRhjqSBwZX6LG5MQjzr29KStrIdw7TR3lf3rT7Q=="],

    "lines-and-columns": ["lines-and-columns@1.2.4", "", {}, "sha512-7ylylesZQ/PV29jhEDl3Ufjo6ZX7gCqJr5F7PKrqc93v7fzSymt1BpwEU8nAUXs8qzzvqhbjhK5QZg6Mt/HkBg=="],

    "locate-path": ["locate-path@7.2.0", "", { "dependencies": { "p-locate": "^6.0.0" } }, "sha512-gvVijfZvn7R+2qyPX8mAuKcFGDf6Nc61GdvGafQsHL0sBIxfKzA+usWn4GFC/bk+QdwPUD4kWFJLhElipq+0VA=="],

    "lodash.camelcase": ["lodash.camelcase@4.3.0", "", {}, "sha512-TwuEnCnxbc3rAvhf/LbG7tJUDzhqXyFnv3dtzLOPgCG/hODL7WFnsbwktkD7yUV0RrreP/l1PALq/YSg6VvjlA=="],

    "lodash.isplainobject": ["lodash.isplainobject@4.0.6", "", {}, "sha512-oSXzaWypCMHkPC3NvBEaPHf0KsA5mvPrOPgQWDsbg8n7orZ290M0BmC/jgRZ4vcJ6DTAhjrsSYgdsW/F+MFOBA=="],

    "lodash.kebabcase": ["lodash.kebabcase@4.1.1", "", {}, "sha512-N8XRTIMMqqDgSy4VLKPnJ/+hpGZN+PHQiJnSenYqPaVV/NCqEogTnAdZLQiGKhxX+JCs8waWq2t1XHWKOmlY8g=="],

    "lodash.merge": ["lodash.merge@4.6.2", "", {}, "sha512-0KpjqXRVvrYyCsX1swR/XTK0va6VQkQM6MNo7PqW77ByjAhoARA8EfrP1N4+KlKj8YS0ZUCtRT/YUuhyYDujIQ=="],

    "lodash.mergewith": ["lodash.mergewith@4.6.2", "", {}, "sha512-GK3g5RPZWTRSeLSpgP8Xhra+pnjBC56q9FZYe1d5RN3TJ35dbkGy3YqBSMbyCrlbi+CM9Z3Jk5yTL7RCsqboyQ=="],

    "lodash.snakecase": ["lodash.snakecase@4.1.1", "", {}, "sha512-QZ1d4xoBHYUeuouhEq3lk3Uq7ldgyFXGBhg04+oRLnIz8o9T65Eh+8YdroUwn846zchkA9yDsDl5CVVaV2nqYw=="],

    "lodash.startcase": ["lodash.startcase@4.4.0", "", {}, "sha512-+WKqsK294HMSc2jEbNgpHpd0JfIBhp7rEV4aqXWqFr6AlXov+SlcgB1Fv01y2kGe3Gc8nMW7VA0SrGuSkRfIEg=="],

    "lodash.uniq": ["lodash.uniq@4.5.0", "", {}, "sha512-xfBaXQd9ryd9dlSDvnvI0lvxfLJlYAZzXomUYzLKtUeOQvOP5piqAWuGtrhWeqaXK9hhoM/iyJc5AV+XfsX3HQ=="],

    "lodash.upperfirst": ["lodash.upperfirst@4.3.1", "", {}, "sha512-sReKOYJIJf74dhJONhU4e0/shzi1trVbSWDOhKYE5XV2O+H7Sb2Dihwuc7xWxVl+DgFPyTqIN3zMfT9cq5iWDg=="],

    "lru-cache": ["lru-cache@10.4.3", "", {}, "sha512-JNAzZcXrCt42VGLuYz0zfAzDfAvJWW6AfYlDBQyDV5DClI2m5sAmK+OIO7s59XfsRsWHp02jAJrRadPRGTt6SQ=="],

    "meow": ["meow@13.2.0", "", {}, "sha512-pxQJQzB6djGPXh08dacEloMFopsOqGVRKFPYvPOt9XDZ1HasbgDZA74CJGreSU4G3Ak7EFJGoiH2auq+yXISgA=="],

    "minimist": ["minimist@1.2.8", "", {}, "sha512-2yyAR8qBkN3YuheJanUpWC5U3bb5osDywNB8RzDVlDwDHbocAJveqqj1u8+SVD7jkWT4yvsHCpWqqWqAxb0zCA=="],

    "neo-async": ["neo-async@2.6.2", "", {}, "sha512-Yd3UES5mWCSqR+qNT93S3UoYUkqAZ9lLg8a7g9rimsWmYGK8cVToA4/sF3RrshdyV3sAGMXVUmpMYOw+dLpOuw=="],

    "normalize-package-data": ["normalize-package-data@6.0.2", "", { "dependencies": { "hosted-git-info": "^7.0.0", "semver": "^7.3.5", "validate-npm-package-license": "^3.0.4" } }, "sha512-V6gygoYb/5EmNI+MEGrWkC+e6+Rr7mTmfHrxDbLzxQogBkgzo76rkok0Am6thgSF7Mv2nLOajAJj5vDJZEFn7g=="],

    "oxfmt": ["oxfmt@0.43.0", "", { "dependencies": { "tinypool": "2.1.0" }, "optionalDependencies": { "@oxfmt/binding-android-arm-eabi": "0.43.0", "@oxfmt/binding-android-arm64": "0.43.0", "@oxfmt/binding-darwin-arm64": "0.43.0", "@oxfmt/binding-darwin-x64": "0.43.0", "@oxfmt/binding-freebsd-x64": "0.43.0", "@oxfmt/binding-linux-arm-gnueabihf": "0.43.0", "@oxfmt/binding-linux-arm-musleabihf": "0.43.0", "@oxfmt/binding-linux-arm64-gnu": "0.43.0", "@oxfmt/binding-linux-arm64-musl": "0.43.0", "@oxfmt/binding-linux-ppc64-gnu": "0.43.0", "@oxfmt/binding-linux-riscv64-gnu": "0.43.0", "@oxfmt/binding-linux-riscv64-musl": "0.43.0", "@oxfmt/binding-linux-s390x-gnu": "0.43.0", "@oxfmt/binding-linux-x64-gnu": "0.43.0", "@oxfmt/binding-linux-x64-musl": "0.43.0", "@oxfmt/binding-openharmony-arm64": "0.43.0", "@oxfmt/binding-win32-arm64-msvc": "0.43.0", "@oxfmt/binding-win32-ia32-msvc": "0.43.0", "@oxfmt/binding-win32-x64-msvc": "0.43.0" }, "bin": { "oxfmt": "bin/oxfmt" } }, "sha512-KTYNG5ISfHSdmeZ25Xzb3qgz9EmQvkaGAxgBY/p38+ZiAet3uZeu7FnMwcSQJg152Qwl0wnYAxDc+Z/H6cvrwA=="],

    "oxlint": ["oxlint@1.58.0", "", { "optionalDependencies": { "@oxlint/binding-android-arm-eabi": "1.58.0", "@oxlint/binding-android-arm64": "1.58.0", "@oxlint/binding-darwin-arm64": "1.58.0", "@oxlint/binding-darwin-x64": "1.58.0", "@oxlint/binding-freebsd-x64": "1.58.0", "@oxlint/binding-linux-arm-gnueabihf": "1.58.0", "@oxlint/binding-linux-arm-musleabihf": "1.58.0", "@oxlint/binding-linux-arm64-gnu": "1.58.0", "@oxlint/binding-linux-arm64-musl": "1.58.0", "@oxlint/binding-linux-ppc64-gnu": "1.58.0", "@oxlint/binding-linux-riscv64-gnu": "1.58.0", "@oxlint/binding-linux-riscv64-musl": "1.58.0", "@oxlint/binding-linux-s390x-gnu": "1.58.0", "@oxlint/binding-linux-x64-gnu": "1.58.0", "@oxlint/binding-linux-x64-musl": "1.58.0", "@oxlint/binding-openharmony-arm64": "1.58.0", "@oxlint/binding-win32-arm64-msvc": "1.58.0", "@oxlint/binding-win32-ia32-msvc": "1.58.0", "@oxlint/binding-win32-x64-msvc": "1.58.0" }, "peerDependencies": { "oxlint-tsgolint": ">=0.18.0" }, "optionalPeers": ["oxlint-tsgolint"], "bin": { "oxlint": "bin/oxlint" } }, "sha512-t4s9leczDMqlvOSjnbCQe7gtoLkWgBGZ7sBdCJ9EOj5IXFSG/X7OAzK4yuH4iW+4cAYe8kLFbC8tuYMwWZm+Cg=="],

    "p-limit": ["p-limit@4.0.0", "", { "dependencies": { "yocto-queue": "^1.0.0" } }, "sha512-5b0R4txpzjPWVw/cXXUResoD4hb6U/x9BH08L7nw+GN1sezDzPdxeRvpc9c433fZhBan/wusjbCsqwqm4EIBIQ=="],

    "p-locate": ["p-locate@6.0.0", "", { "dependencies": { "p-limit": "^4.0.0" } }, "sha512-wPrq66Llhl7/4AGC6I+cqxT07LhXvWL08LNXz1fENOw0Ap4sRZZ/gZpTTJ5jpurzzzfS2W/Ge9BY3LgLjCShcw=="],

    "parent-module": ["parent-module@1.0.1", "", { "dependencies": { "callsites": "^3.0.0" } }, "sha512-GQ2EWRpQV8/o+Aw8YqtfZZPfNRWZYkbidE9k5rpl/hC3vtHHBfGm2Ifi6qWV+coDGkrUKZAxE3Lot5kcsRlh+g=="],

    "parse-json": ["parse-json@5.2.0", "", { "dependencies": { "@babel/code-frame": "^7.0.0", "error-ex": "^1.3.1", "json-parse-even-better-errors": "^2.3.0", "lines-and-columns": "^1.1.6" } }, "sha512-ayCKvm/phCGxOkYRSCM82iDwct8/EonSEgCSxWxD7ve6jHggsFl4fZVQBPRNgQoKiuV/odhFrGzQXZwbifC8Rg=="],

    "path-exists": ["path-exists@5.0.0", "", {}, "sha512-RjhtfwJOxzcFmNOi6ltcbcu4Iu+FL3zEj83dk4kAS+fVpTxXLO1b38RvJgT/0QwvV/L3aY9TAnyv0EOqW4GoMQ=="],

    "path-key": ["path-key@3.1.1", "", {}, "sha512-ojmeN0qd+y0jszEtoY48r0Peq5dwMEkIlCOu6Q5f41lfkswXuKtYrhgoTpLnyIcHm24Uhqx+5Tqm2InSwLhE6Q=="],

    "picocolors": ["picocolors@1.1.1", "", {}, "sha512-xceH2snhtb5M9liqDsmEw56le376mTZkEX/jEb/RxNFyegNul7eNslCXP9FDj/Lcu0X8KEyMceP2ntpaHrDEVA=="],

    "read-package-up": ["read-package-up@11.0.0", "", { "dependencies": { "find-up-simple": "^1.0.0", "read-pkg": "^9.0.0", "type-fest": "^4.6.0" } }, "sha512-MbgfoNPANMdb4oRBNg5eqLbB2t2r+o5Ua1pNt8BqGp4I0FJZhuVSOj3PaBPni4azWuSzEdNn2evevzVmEk1ohQ=="],

    "read-pkg": ["read-pkg@9.0.1", "", { "dependencies": { "@types/normalize-package-data": "^2.4.3", "normalize-package-data": "^6.0.0", "parse-json": "^8.0.0", "type-fest": "^4.6.0", "unicorn-magic": "^0.1.0" } }, "sha512-9viLL4/n1BJUCT1NXVTdS1jtm80yDEgR5T4yCelII49Mbj0v1rZdKqj7zCiYdbB0CuCgdrvHcNogAKTFPBocFA=="],

    "require-directory": ["require-directory@2.1.1", "", {}, "sha512-fGxEI7+wsG9xrvdjsrlmL22OMTTiHRwAMroiEeMgq8gzoLC/PQr7RsRDSTLUg/bZAZtF+TVIkHc6/4RIKrui+Q=="],

    "require-from-string": ["require-from-string@2.0.2", "", {}, "sha512-Xf0nWe6RseziFMu+Ap9biiUbmplq6S9/p+7w7YXP/JBHhrUDDUhwa+vANyubuqfZWTveU//DYVGsDG7RKL/vEw=="],

    "resolve-from": ["resolve-from@5.0.0", "", {}, "sha512-qYg9KP24dD5qka9J47d0aVky0N+b4fTU89LN9iDnjB5waksiC49rvMB0PrUJQGoTmH50XPiqOvAjDfaijGxYZw=="],

    "semver": ["semver@7.8.4", "", { "bin": { "semver": "bin/semver.js" } }, "sha512-rUCObTnP32Q08R2uuIrt7r9PlEonuTmtuXYcW6s5kjdlj3xbnwe+21yXptAUYcMAABLkYYTtnmzb3w3EDZfueA=="],

    "shebang-command": ["shebang-command@2.0.0", "", { "dependencies": { "shebang-regex": "^3.0.0" } }, "sha512-kHxr2zZpYtdmrN1qDjrrX/Z1rR1kG8Dx+gkpK1G4eXmvXswmcE1hTWBWYUzlraYw1/yZp6YuDY77YtvbN0dmDA=="],

    "shebang-regex": ["shebang-regex@3.0.0", "", {}, "sha512-7++dFhtcx3353uBaq8DDR4NuxBetBzC7ZQOhmTQInHEd6bSrXdiEyzCvG07Z44UYdLShWUyXt5M/yhz8ekcb1A=="],

    "sisteransi": ["sisteransi@1.0.5", "", {}, "sha512-bLGGlR1QxBcynn2d5YmDX4MGjlZvy2MRBDRNHLJ8VI6l6+9FUiyTFNJ0IveOSP0bcXgVDPRcfGqA0pjaqUpfVg=="],

    "source-map": ["source-map@0.6.1", "", {}, "sha512-UjgapumWlbMhkBgzT7Ykc5YXUT46F0iKu8SGXq0bcwP5dz/h0Plj6enJqjz1Zbq2l5WaqYnrVbwWOWMyF3F47g=="],

    "spdx-correct": ["spdx-correct@3.2.0", "", { "dependencies": { "spdx-expression-parse": "^3.0.0", "spdx-license-ids": "^3.0.0" } }, "sha512-kN9dJbvnySHULIluDHy32WHRUu3Og7B9sbY7tsFLctQkIqnMh3hErYgdMjTYuqmcXX+lK5T1lnUt3G7zNswmZA=="],

    "spdx-exceptions": ["spdx-exceptions@2.5.0", "", {}, "sha512-PiU42r+xO4UbUS1buo3LPJkjlO7430Xn5SVAhdpzzsPHsjbYVflnnFdATgabnLude+Cqu25p6N+g2lw/PFsa4w=="],

    "spdx-expression-parse": ["spdx-expression-parse@3.0.1", "", { "dependencies": { "spdx-exceptions": "^2.1.0", "spdx-license-ids": "^3.0.0" } }, "sha512-cbqHunsQWnJNE6KhVSMsMeH5H/L9EpymbzqTQ3uLwNCLZ1Q481oWaofqH7nO6V07xlXwY6PhQdQ2IedWx/ZK4Q=="],

    "spdx-license-ids": ["spdx-license-ids@3.0.23", "", {}, "sha512-CWLcCCH7VLu13TgOH+r8p1O/Znwhqv/dbb6lqWy67G+pT1kHmeD/+V36AVb/vq8QMIQwVShJ6Ssl5FPh0fuSdw=="],

    "split2": ["split2@4.2.0", "", {}, "sha512-UcjcJOWknrNkF6PLX83qcHM6KHgVKNkV62Y8a5uYDVv9ydGQVwAHMKqHdJje1VTWpljG0WYpCDhrCdAOYH4TWg=="],

    "string-width": ["string-width@4.2.3", "", { "dependencies": { "emoji-regex": "^8.0.0", "is-fullwidth-code-point": "^3.0.0", "strip-ansi": "^6.0.1" } }, "sha512-wKyQRQpjJ0sIp62ErSZdGsjMJWsap5oRNihHhu6G7JVO/9jIB6UyevL+tXuOqrng8j/cxKTWyWUwvSTriiZz/g=="],

    "strip-ansi": ["strip-ansi@6.0.1", "", { "dependencies": { "ansi-regex": "^5.0.1" } }, "sha512-Y38VPSHcqkFrCpFnQ9vuSXmquuv5oXOKpGeT6aGrr3o3Gc9AlVa6JBfUSOCnbxGGZF+/0ooI7KrPuUSztUdU5A=="],

    "temp-dir": ["temp-dir@3.0.0", "", {}, "sha512-nHc6S/bwIilKHNRgK/3jlhDoIHcp45YgyiwcAk46Tr0LfEqGBVpmiAyuiuxeVE44m3mXnEeVhaipLOEWmH+Njw=="],

    "tempfile": ["tempfile@5.0.0", "", { "dependencies": { "temp-dir": "^3.0.0" } }, "sha512-bX655WZI/F7EoTDw9JvQURqAXiPHi8o8+yFxPF2lWYyz1aHnmMRuXWqL6YB6GmeO0o4DIYWHLgGNi/X64T+X4Q=="],

    "text-extensions": ["text-extensions@2.4.0", "", {}, "sha512-te/NtwBwfiNRLf9Ijqx3T0nlqZiQ2XrrtBvu+cLL8ZRrGkO0NHTug8MYFKyoSrv/sHTaSKfilUkizV6XhxMJ3g=="],

    "through": ["through@2.3.8", "", {}, "sha512-w89qg7PI8wAdvX60bMDP+bFoD5Dvhm9oLheFp5O4a2QF0cSBGsBX4qZmadPMvVqlLJBBci+WqGGOAPvcDeNSVg=="],

    "tinyexec": ["tinyexec@1.2.4", "", {}, "sha512-SHf/r48b7vOrjve9PxJo3MN5v5yuyjHvdUcrQffT3WXMUfnGmHDVbC4k3sHJaJTgZCwpUplIaAo5ANtMyp3YHg=="],

    "tinypool": ["tinypool@2.1.0", "", {}, "sha512-Pugqs6M0m7Lv1I7FtxN4aoyToKg1C4tu+/381vH35y8oENM/Ai7f7C4StcoK4/+BSw9ebcS8jRiVrORFKCALLw=="],

    "type-fest": ["type-fest@4.41.0", "", {}, "sha512-TeTSQ6H5YHvpqVwBRcnLDCBnDOHWYu7IvGbHT6N8AOymcr9PJGjc1GTtiWZTYg0NCgYwvnYWEkVChQAr9bjfwA=="],

    "typescript": ["typescript@5.8.2", "", { "bin": { "tsc": "bin/tsc", "tsserver": "bin/tsserver" } }, "sha512-aJn6wq13/afZp/jT9QZmwEjDqqvSGp1VT5GVg+f/t6/oVyrgXM6BY1h9BRh/O5p3PlUPAe+WuiEZOmb/49RqoQ=="],

    "uglify-js": ["uglify-js@3.19.3", "", { "bin": { "uglifyjs": "bin/uglifyjs" } }, "sha512-v3Xu+yuwBXisp6QYTcH4UbH+xYJXqnq2m/LtQVWKWzYc1iehYnLixoQDN9FH6/j9/oybfd6W9Ghwkl8+UMKTKQ=="],

    "undici-types": ["undici-types@6.20.0", "", {}, "sha512-Ny6QZ2Nju20vw1SRHe3d9jVu6gJ+4e3+MMpqu7pqE5HT6WsTSlce++GQmK5UXS8mzV8DSYHrQH+Xrf2jVcuKNg=="],

    "unicorn-magic": ["unicorn-magic@0.1.0", "", {}, "sha512-lRfVq8fE8gz6QMBuDM6a+LO3IAzTi05H6gCVaUpir2E1Rwpo4ZUog45KpNXKC/Mn3Yb9UDuHumeFTo9iV/D9FQ=="],

    "validate-npm-package-license": ["validate-npm-package-license@3.0.4", "", { "dependencies": { "spdx-correct": "^3.0.0", "spdx-expression-parse": "^3.0.0" } }, "sha512-DpKm2Ui/xN7/HQKCtpZxoRWBhZ9Z0kqtygG8XCgNQ8ZlDnxuQmWhj566j8fN4Cu3/JmbhsDo7fcAJq4s9h27Ew=="],

    "which": ["which@2.0.2", "", { "dependencies": { "isexe": "^2.0.0" }, "bin": { "node-which": "./bin/node-which" } }, "sha512-BLI3Tl1TW3Pvl70l3yq3Y64i+awpwXqsGBYWkkqMtnbXgrMD+yj7rhW0kuEDxzJaYXGjEW5ogapKNMEKNMjibA=="],

    "wordwrap": ["wordwrap@1.0.0", "", {}, "sha512-gvVzJFlPycKc5dZN4yPkP8w7Dc37BtP1yczEneOb4uq34pXZcvrtRTmWV8W+Ume+XCxKgbjM+nevkyFPMybd4Q=="],

    "wrap-ansi": ["wrap-ansi@7.0.0", "", { "dependencies": { "ansi-styles": "^4.0.0", "string-width": "^4.1.0", "strip-ansi": "^6.0.0" } }, "sha512-YVGIj2kamLSTxw6NsZjoBxfSwsn0ycdesmc4p+Q21c5zPuZ1pl+NfxVdxPtdHvmNVOQ6XSYG4AUtyt/Fi7D16Q=="],

    "y18n": ["y18n@5.0.8", "", {}, "sha512-0pfFzegeDWJHJIAmTLRP2DwHjdF5s7jo9tuztdQxAhINCdvS+3nGINqPd00AphqJR/0LhANUS6/+7SCb98YOfA=="],

    "yargs": ["yargs@17.7.2", "", { "dependencies": { "cliui": "^8.0.1", "escalade": "^3.1.1", "get-caller-file": "^2.0.5", "require-directory": "^2.1.1", "string-width": "^4.2.3", "y18n": "^5.0.5", "yargs-parser": "^21.1.1" } }, "sha512-7dSzzRQ++CKnNI/krKnYRV7JKKPUXMEh61soaHKg9mrWEhzFWhFnxPxGl+69cD1Ou63C13NUPCnmIcrvqCuM6w=="],

    "yargs-parser": ["yargs-parser@21.1.1", "", {}, "sha512-tVpsJW7DdjecAiFpbIB1e3qxIQsE6NoPc5/eTdrbbIC4h0LVsWhnoa3g+m2HclBIujHzsxZ4VJVA+GUuc2/LBw=="],

    "yocto-queue": ["yocto-queue@1.2.2", "", {}, "sha512-4LCcse/U2MHZ63HAJVE+v71o7yOdIe4cZ70Wpf8D/IyjDKYQLV5GD46B+hSTjJsvV5PztjvHoU580EftxjDZFQ=="],

    "zod": ["zod@4.1.8", "", {}, "sha512-5R1P+WwQqmmMIEACyzSvo4JXHY5WiAFHRMg+zBZKgKS+Q1viRa0C1hmUKtHltoIFKtIdki3pRxkmpP74jnNYHQ=="],

    "@commitlint/parse/conventional-changelog-angular": ["conventional-changelog-angular@7.0.0", "", { "dependencies": { "compare-func": "^2.0.0" } }, "sha512-ROjNchA9LgfNMTTFSIWPzebCwOGFdgkEq45EnvvrmSLvCtAw0HSmrCs7/ty+wAeYUZyNay0YMUNYFTRL72PkBQ=="],

    "conventional-changelog/conventional-changelog-conventionalcommits": ["conventional-changelog-conventionalcommits@8.0.0", "", { "dependencies": { "compare-func": "^2.0.0" } }, "sha512-eOvlTO6OcySPyyyk8pKz2dP4jjElYunj9hn9/s0OB+gapTO8zwS9UQWrZ1pmF2hFs3vw1xhonOLGcGjy/zgsuA=="],

    "conventional-changelog-core/conventional-commits-parser": ["conventional-commits-parser@6.4.0", "", { "dependencies": { "@simple-libs/stream-utils": "^1.2.0", "meow": "^13.0.0" }, "bin": { "conventional-commits-parser": "dist/cli/index.js" } }, "sha512-tvRg7FIBNlyPzjdG8wWRlPHQJJHI7DylhtRGeU9Lq+JuoPh5BKpPRX83ZdLrvXuOSu5Eo/e7SzOQhU4Hd2Miuw=="],

    "conventional-changelog-core/git-raw-commits": ["git-raw-commits@5.0.1", "", { "dependencies": { "@conventional-changelog/git-client": "^2.6.0", "meow": "^13.0.0" }, "bin": { "git-raw-commits": "src/cli.js" } }, "sha512-Y+csSm2GD/PCSh6Isd/WiMjNAydu0VBiG9J7EdQsNA5P9uXvLayqjmTsNlK5Gs9IhblFZqOU0yid5Il5JPoLiQ=="],

    "conventional-commits-parser/meow": ["meow@12.1.1", "", {}, "sha512-BhXM0Au22RwUneMPwSCnyhTOizdWoIEPU9sp0Aqa1PnDMR5Wv2FGXYDjuzJEIX+Eo2Rb8xuYe5jrnm5QowQFkw=="],

    "git-raw-commits/meow": ["meow@12.1.1", "", {}, "sha512-BhXM0Au22RwUneMPwSCnyhTOizdWoIEPU9sp0Aqa1PnDMR5Wv2FGXYDjuzJEIX+Eo2Rb8xuYe5jrnm5QowQFkw=="],

    "import-fresh/resolve-from": ["resolve-from@4.0.0", "", {}, "sha512-pb/MYmXstAkysRFx8piNI1tGFNQIFA3vkE3Gq4EuA1dF6gHp/+vgZqsCGJapvy8N3Q+4o7FwvquPJcnZ7RYy4g=="],

    "read-pkg/parse-json": ["parse-json@8.3.0", "", { "dependencies": { "@babel/code-frame": "^7.26.2", "index-to-position": "^1.1.0", "type-fest": "^4.39.1" } }, "sha512-ybiGyvspI+fAoRQbIPRddCcSTV9/LsJbf0e/S85VLowVGzRmokfneg2kwVW/KU5rOXrPSbF1qAKPMgNTqqROQQ=="],
  }
}
